
Microsoft Visual Studio Solution File, Format Version 12.00
# Visual Studio Version 17
VisualStudioVersion = 17.9.34723.18
MinimumVisualStudioVersion = 10.0.40219.1
Project("{FAE04EC0-301F-11D3-BF4B-00C04F79EFBC}") = "NitrilonDB", "NitrilonDB\NitrilonDB.csproj", "{822EBB24-ED44-4EAB-8D90-CB0DD6AA11A8}"
EndProject
Project("{FAE04EC0-301F-11D3-BF4B-00C04F79EFBC}") = "Nitrilon.Entities", "Nitrilon.Entities\Nitrilon.Entities.csproj", "{B0C17436-2E33-446C-AA8F-55BEA351F4CC}"
EndProject
Project("{FAE04EC0-301F-11D3-BF4B-00C04F79EFBC}") = "Nitrilon.DataAccess", "Nitrilon.DataAccess\Nitrilon.DataAccess.csproj", "{04853929-15B3-48F5-83D3-1216CB5F64C9}"
EndProject
Global
	GlobalSection(SolutionConfigurationPlatforms) = preSolution
		Debug|Any CPU = Debug|Any CPU
		Release|Any CPU = Release|Any CPU
	EndGlobalSection
	GlobalSection(ProjectConfigurationPlatforms) = postSolution
		{822EBB24-ED44-4EAB-8D90-CB0DD6AA11A8}.Debug|Any CPU.ActiveCfg = Debug|Any CPU
		{822EBB24-ED44-4EAB-8D90-CB0DD6AA11A8}.Debug|Any CPU.Build.0 = Debug|Any CPU
		{822EBB24-ED44-4EAB-8D90-CB0DD6AA11A8}.Release|Any CPU.ActiveCfg = Release|Any CPU
		{822EBB24-ED44-4EAB-8D90-CB0DD6AA11A8}.Release|Any CPU.Build.0 = Release|Any CPU
		{B0C17436-2E33-446C-AA8F-55BEA351F4CC}.Debug|Any CPU.ActiveCfg = Debug|Any CPU
		{B0C17436-2E33-446C-AA8F-55BEA351F4CC}.Debug|Any CPU.Build.0 = Debug|Any CPU
		{B0C17436-2E33-446C-AA8F-55BEA351F4CC}.Release|Any CPU.ActiveCfg = Release|Any CPU
		{B0C17436-2E33-446C-AA8F-55BEA351F4CC}.Release|Any CPU.Build.0 = Release|Any CPU
		{04853929-15B3-48F5-83D3-1216CB5F64C9}.Debug|Any CPU.ActiveCfg = Debug|Any CPU
		{04853929-15B3-48F5-83D3-1216CB5F64C9}.Debug|Any CPU.Build.0 = Debug|Any CPU
		{04853929-15B3-48F5-83D3-1216CB5F64C9}.Release|Any CPU.ActiveCfg = Release|Any CPU
		{04853929-15B3-48F5-83D3-1216CB5F64C9}.Release|Any CPU.Build.0 = Release|Any CPU
	EndGlobalSection
	GlobalSection(SolutionProperties) = preSolution
		HideSolutionNode = FALSE
	EndGlobalSection
	GlobalSection(ExtensibilityGlobals) = postSolution
		SolutionGuid = {8CC853F9-24BC-4037-830B-22AEBBDD07CF}
	EndGlobalSection
EndGlobal
